
Microsoft Visual Studio Solution File, Format Version 12.00
# Visual Studio Version 17
VisualStudioVersion = 17.5.33516.290
MinimumVisualStudioVersion = 10.0.40219.1
Project("{FAE04EC0-301F-11D3-BF4B-00C04F79EFBC}") = "MiniATM", "MiniATM.csproj", "{3376FD91-76B3-4777-9DA9-ACC0B8FB5254}"
EndProject
Global
	GlobalSection(SolutionConfigurationPlatforms) = preSolution
		Debug|Any CPU = Debug|Any CPU
		Release|Any CPU = Release|Any CPU
	EndGlobalSection
	GlobalSection(ProjectConfigurationPlatforms) = postSolution
		{3376FD91-76B3-4777-9DA9-ACC0B8FB5254}.Debug|Any CPU.ActiveCfg = Debug|Any CPU
		{3376FD91-76B3-4777-9DA9-ACC0B8FB5254}.Debug|Any CPU.Build.0 = Debug|Any CPU
		{3376FD91-76B3-4777-9DA9-ACC0B8FB5254}.Release|Any CPU.ActiveCfg = Release|Any CPU
		{3376FD91-76B3-4777-9DA9-ACC0B8FB5254}.Release|Any CPU.Build.0 = Release|Any CPU
	EndGlobalSection
	GlobalSection(SolutionProperties) = preSolution
		HideSolutionNode = FALSE
	EndGlobalSection
	GlobalSection(ExtensibilityGlobals) = postSolution
		SolutionGuid = {54685D53-08BB-4375-8923-A5EB7F16D72E}
	EndGlobalSection
EndGlobal
