
Microsoft Visual Studio Solution File, Format Version 12.00
# Visual Studio Version 17
VisualStudioVersion = 17.5.33424.131
MinimumVisualStudioVersion = 10.0.40219.1
Project("{F184B08F-C81C-45F6-A57F-5ABD9991F28F}") = "Dog", "Dog.vbproj", "{D3614F49-81D5-4085-A57B-CAC0455075EC}"
EndProject
Global
	GlobalSection(SolutionConfigurationPlatforms) = preSolution
		Debug|Any CPU = Debug|Any CPU
		Release|Any CPU = Release|Any CPU
	EndGlobalSection
	GlobalSection(ProjectConfigurationPlatforms) = postSolution
		{D3614F49-81D5-4085-A57B-CAC0455075EC}.Debug|Any CPU.ActiveCfg = Debug|Any CPU
		{D3614F49-81D5-4085-A57B-CAC0455075EC}.Debug|Any CPU.Build.0 = Debug|Any CPU
		{D3614F49-81D5-4085-A57B-CAC0455075EC}.Release|Any CPU.ActiveCfg = Release|Any CPU
		{D3614F49-81D5-4085-A57B-CAC0455075EC}.Release|Any CPU.Build.0 = Release|Any CPU
	EndGlobalSection
	GlobalSection(SolutionProperties) = preSolution
		HideSolutionNode = FALSE
	EndGlobalSection
	GlobalSection(ExtensibilityGlobals) = postSolution
		SolutionGuid = {1E692F8C-6821-4C87-A135-26E518115F4A}
	EndGlobalSection
EndGlobal
