
Microsoft Visual Studio Solution File, Format Version 12.00
# Visual Studio Version 17
VisualStudioVersion = 17.5.33516.290
MinimumVisualStudioVersion = 10.0.40219.1
Project("{FAE04EC0-301F-11D3-BF4B-00C04F79EFBC}") = "ExS31", "ExS31.csproj", "{77312174-8C27-4AB8-9EC2-A723F9A5BD3A}"
EndProject
Global
	GlobalSection(SolutionConfigurationPlatforms) = preSolution
		Debug|Any CPU = Debug|Any CPU
		Release|Any CPU = Release|Any CPU
	EndGlobalSection
	GlobalSection(ProjectConfigurationPlatforms) = postSolution
		{77312174-8C27-4AB8-9EC2-A723F9A5BD3A}.Debug|Any CPU.ActiveCfg = Debug|Any CPU
		{77312174-8C27-4AB8-9EC2-A723F9A5BD3A}.Debug|Any CPU.Build.0 = Debug|Any CPU
		{77312174-8C27-4AB8-9EC2-A723F9A5BD3A}.Release|Any CPU.ActiveCfg = Release|Any CPU
		{77312174-8C27-4AB8-9EC2-A723F9A5BD3A}.Release|Any CPU.Build.0 = Release|Any CPU
	EndGlobalSection
	GlobalSection(SolutionProperties) = preSolution
		HideSolutionNode = FALSE
	EndGlobalSection
	GlobalSection(ExtensibilityGlobals) = postSolution
		SolutionGuid = {C456DD47-0A29-439C-ABB7-3C5212ABEA62}
	EndGlobalSection
EndGlobal
