
Microsoft Visual Studio Solution File, Format Version 12.00
# Visual Studio Version 17
VisualStudioVersion = 17.5.33516.290
MinimumVisualStudioVersion = 10.0.40219.1
Project("{FAE04EC0-301F-11D3-BF4B-00C04F79EFBC}") = "calc3", "calc3.csproj", "{279686D1-EC33-49E2-9B0E-C95EFA2CBFA3}"
EndProject
Global
	GlobalSection(SolutionConfigurationPlatforms) = preSolution
		Debug|Any CPU = Debug|Any CPU
		Release|Any CPU = Release|Any CPU
	EndGlobalSection
	GlobalSection(ProjectConfigurationPlatforms) = postSolution
		{279686D1-EC33-49E2-9B0E-C95EFA2CBFA3}.Debug|Any CPU.ActiveCfg = Debug|Any CPU
		{279686D1-EC33-49E2-9B0E-C95EFA2CBFA3}.Debug|Any CPU.Build.0 = Debug|Any CPU
		{279686D1-EC33-49E2-9B0E-C95EFA2CBFA3}.Release|Any CPU.ActiveCfg = Release|Any CPU
		{279686D1-EC33-49E2-9B0E-C95EFA2CBFA3}.Release|Any CPU.Build.0 = Release|Any CPU
	EndGlobalSection
	GlobalSection(SolutionProperties) = preSolution
		HideSolutionNode = FALSE
	EndGlobalSection
	GlobalSection(ExtensibilityGlobals) = postSolution
		SolutionGuid = {B72764AE-7158-47D5-A680-9D5105FE17F2}
	EndGlobalSection
EndGlobal
