
Microsoft Visual Studio Solution File, Format Version 12.00
# Visual Studio Version 17
VisualStudioVersion = 17.5.33424.131
MinimumVisualStudioVersion = 10.0.40219.1
Project("{FAE04EC0-301F-11D3-BF4B-00C04F79EFBC}") = "CatOmine", "CatOmine.csproj", "{C3DA7930-5385-4DAF-96DA-D3F97CD74BBB}"
EndProject
Global
	GlobalSection(SolutionConfigurationPlatforms) = preSolution
		Debug|Any CPU = Debug|Any CPU
		Release|Any CPU = Release|Any CPU
	EndGlobalSection
	GlobalSection(ProjectConfigurationPlatforms) = postSolution
		{C3DA7930-5385-4DAF-96DA-D3F97CD74BBB}.Debug|Any CPU.ActiveCfg = Debug|Any CPU
		{C3DA7930-5385-4DAF-96DA-D3F97CD74BBB}.Debug|Any CPU.Build.0 = Debug|Any CPU
		{C3DA7930-5385-4DAF-96DA-D3F97CD74BBB}.Release|Any CPU.ActiveCfg = Release|Any CPU
		{C3DA7930-5385-4DAF-96DA-D3F97CD74BBB}.Release|Any CPU.Build.0 = Release|Any CPU
	EndGlobalSection
	GlobalSection(SolutionProperties) = preSolution
		HideSolutionNode = FALSE
	EndGlobalSection
	GlobalSection(ExtensibilityGlobals) = postSolution
		SolutionGuid = {AC610D1D-BAEF-4EE5-B4E5-10923D4F3FC5}
	EndGlobalSection
EndGlobal
